
Microsoft Visual Studio Solution File, Format Version 12.00
# Visual Studio Version 16
VisualStudioVersion = 16.0.29911.84
MinimumVisualStudioVersion = 10.0.40219.1
Project("{9A19103F-16F7-4668-BE54-9A1E7A4F7556}") = "CSharp_Lessons", "CSharp_Lessons.csproj", "{083F579E-37A1-4984-95EB-5C5ED5926EA4}"
EndProject
Project("{9A19103F-16F7-4668-BE54-9A1E7A4F7556}") = "Aula02Exercicio01", "..\Exercicio_Aula_04\Aula02Exercicio01.csproj", "{2C607A5B-6DE8-4F70-B6C7-8111E76C5EF9}"
EndProject
Project("{9A19103F-16F7-4668-BE54-9A1E7A4F7556}") = "Aula03Exercicio01", "..\Folha_Exercicios_01\Aula03Exercicio01.csproj", "{54EB92A0-84AC-474B-A867-802FAC492B29}"
EndProject
Project("{9A19103F-16F7-4668-BE54-9A1E7A4F7556}") = "Aula03Exercicio02", "..\Folha_Exercicios_02\Aula03Exercicio02.csproj", "{36A12BE9-5BC1-4097-BD0A-232BE5DB76C1}"
EndProject
Project("{9A19103F-16F7-4668-BE54-9A1E7A4F7556}") = "Aula03Functions", "..\Aula_03_Functions\Aula03Functions.csproj", "{9AC2283E-6533-4704-9AAE-8508F6C94C17}"
EndProject
Project("{9A19103F-16F7-4668-BE54-9A1E7A4F7556}") = "Aula03Exercicio03", "..\Folha_Exercicios_03\Aula03Exercicio03.csproj", "{92E13E5C-9393-49AA-B3A0-248BD9924439}"
EndProject
Project("{9A19103F-16F7-4668-BE54-9A1E7A4F7556}") = "Aula03Exercicio04", "..\Folha_Exercicio_04\Aula03Exercicio04.csproj", "{77544BE0-446D-4AE4-BE16-46E8EAFFD7F8}"
EndProject
Project("{9A19103F-16F7-4668-BE54-9A1E7A4F7556}") = "Aula04Classes", "..\Aula_04_Classes\Aula04Classes.csproj", "{A379B11B-F8A5-4A85-AB04-0082BCACEAA0}"
EndProject
Project("{9A19103F-16F7-4668-BE54-9A1E7A4F7556}") = "Aula04Exercicio01", "..\Exercicios_01_Aula_04\Aula04Exercicio01.csproj", "{A045C23D-FEA4-4A1A-9570-A68480F85A21}"
EndProject
Project("{9A19103F-16F7-4668-BE54-9A1E7A4F7556}") = "Aula04Exercicio02", "..\Exercicios_02_Aula_04\Aula04Exercicio02.csproj", "{7C6D77B6-7BFF-4F3C-8A8E-6988B7EB7CB1}"
EndProject
Project("{9A19103F-16F7-4668-BE54-9A1E7A4F7556}") = "Aula05Construtores", "..\AUla_05_Construtores\Aula05Construtores.csproj", "{81C82AD3-B4FC-4433-86DE-D3F8169A3C89}"
EndProject
Project("{9A19103F-16F7-4668-BE54-9A1E7A4F7556}") = "Aula05Exercicio01", "..\Aula_05_ExercicioFixa\Aula05Exercicio01.csproj", "{57E1D099-E3FF-4EAB-8CD6-9F83780A5290}"
EndProject
Project("{9A19103F-16F7-4668-BE54-9A1E7A4F7556}") = "Aula06Arrays", "..\AUla_06_Arrays\Aula06Arrays.csproj", "{F1B04485-0EC7-47D2-A4EC-E06298129520}"
EndProject
Project("{9A19103F-16F7-4668-BE54-9A1E7A4F7556}") = "Aula06Exercicio01", "..\Aula06Exercicio01\Aula06Exercicio01.csproj", "{DF3A9E2F-64DA-46D4-83CE-E35F7D568889}"
EndProject
Project("{9A19103F-16F7-4668-BE54-9A1E7A4F7556}") = "Aula06Exercicio02", "..\Aula06Exercicio02\Aula06Exercicio02.csproj", "{DA0BCAF3-BEB0-4E42-83F3-EC466AA28F2A}"
EndProject
Project("{9A19103F-16F7-4668-BE54-9A1E7A4F7556}") = "Aula06Exercicio03", "..\Aula06Exercicio03\Aula06Exercicio03.csproj", "{F0EA7EE0-5111-442C-B061-DAB2D43F3F73}"
EndProject
Project("{9A19103F-16F7-4668-BE54-9A1E7A4F7556}") = "Aula06Exercicio04", "..\Aula06Exercicio04\Aula06Exercicio04.csproj", "{03EE56B4-E864-42EE-A282-192CAE964677}"
EndProject
Project("{9A19103F-16F7-4668-BE54-9A1E7A4F7556}") = "Aula09Enum", "..\Aula09Enum\Aula09Enum.csproj", "{873BDAC8-8126-44CA-B75D-FD0DD98A522C}"
EndProject
Project("{9A19103F-16F7-4668-BE54-9A1E7A4F7556}") = "Aula09SolvedExerc01", "..\Aula09SolvedExerc01\Aula09SolvedExerc01.csproj", "{BFDB012A-566E-42A5-8420-9072A4A382EE}"
EndProject
Project("{9A19103F-16F7-4668-BE54-9A1E7A4F7556}") = "Aula09SolvedExerc02", "..\Aula09SolvedExerc02\Aula09SolvedExerc02.csproj", "{1BF9D9D7-AC46-4FA9-A9DB-30673CA4267F}"
EndProject
Project("{9A19103F-16F7-4668-BE54-9A1E7A4F7556}") = "Aula09FixationExerc01", "..\Aula09FixationExerc01\Aula09FixationExerc01.csproj", "{E3FDE11F-04E1-49D9-B3AA-44525C80B6F7}"
EndProject
Project("{9A19103F-16F7-4668-BE54-9A1E7A4F7556}") = "Aula10Heranca", "..\Aula10Heranca\Aula10Heranca.csproj", "{E88C318F-B269-4871-8B51-9A9F6D4B2274}"
EndProject
Project("{9A19103F-16F7-4668-BE54-9A1E7A4F7556}") = "Aula10SolvedExerc02", "..\Aula10SolvedExerc02\Aula10SolvedExerc02.csproj", "{F0076760-177F-46CD-B6E1-70D2E40D1829}"
EndProject
Project("{9A19103F-16F7-4668-BE54-9A1E7A4F7556}") = "Aula10Exerc1FIx", "..\Aula10Exerc1FIx\Aula10Exerc1FIx.csproj", "{EFB430C6-229A-4A6D-9506-458DEDBF924A}"
EndProject
Project("{9A19103F-16F7-4668-BE54-9A1E7A4F7556}") = "Aula10AbstractClasses", "..\Aula10AbstractClasses\Aula10AbstractClasses.csproj", "{D23DC263-8305-4866-B193-97231F6BF508}"
EndProject
Project("{9A19103F-16F7-4668-BE54-9A1E7A4F7556}") = "Aula10AbstractMethods", "..\Aula10AbstractMethods\Aula10AbstractMethods.csproj", "{A376E0C2-300D-4667-A73C-1DE0457CAC85}"
EndProject
Project("{9A19103F-16F7-4668-BE54-9A1E7A4F7556}") = "Aula10FixationExerc02", "..\Aula10FixationExerc02\Aula10FixationExerc02.csproj", "{4D93F761-FF99-4E0F-9611-615042B57DA7}"
EndProject
Project("{9A19103F-16F7-4668-BE54-9A1E7A4F7556}") = "Aula11FixationExerc", "..\Aula11FixationExerc\Aula11FixationExerc.csproj", "{387519DB-6CEC-4B02-9748-E7A98F23EBA0}"
EndProject
Project("{9A19103F-16F7-4668-BE54-9A1E7A4F7556}") = "Aula13WorkingWithFilesDemo", "..\Aula13WorkingWithFilesDemo\Aula13WorkingWithFilesDemo.csproj", "{A990D982-438D-4FEF-AF66-AA93740EBEB2}"
EndProject
Project("{9A19103F-16F7-4668-BE54-9A1E7A4F7556}") = "Aula13UsingBlock", "..\Aula13UsingBlock\Aula13UsingBlock.csproj", "{9D68FD63-E749-464D-BDDF-17E87171DD72}"
EndProject
Project("{9A19103F-16F7-4668-BE54-9A1E7A4F7556}") = "Aula13Directory", "..\Aula13Directory\Aula13Directory.csproj", "{05404BF8-97B4-4444-8E1A-8E3AC5CB33DE}"
EndProject
Project("{9A19103F-16F7-4668-BE54-9A1E7A4F7556}") = "Aula13Path", "..\Aula13Path\Aula13Path.csproj", "{9D120221-A76A-4EBA-BC55-8EA9AD8FDF6A}"
EndProject
Project("{9A19103F-16F7-4668-BE54-9A1E7A4F7556}") = "Aula13Exercicio", "..\Aula13Exercicio\Aula13Exercicio.csproj", "{3980BF53-C850-4952-BF19-718F7AC6D3AE}"
EndProject
Project("{9A19103F-16F7-4668-BE54-9A1E7A4F7556}") = "Aula14InterfacesRentalCarSolvedProblem", "..\Aula14InterfacesRentalCarSolvedProblem\Aula14InterfacesRentalCarSolvedProblem.csproj", "{36389E0C-A29D-4D6C-9FB3-6C27C17BCF58}"
EndProject
Project("{9A19103F-16F7-4668-BE54-9A1E7A4F7556}") = "Aula14ExercicioFix", "..\Aula14ExercicioFix\Aula14ExercicioFix.csproj", "{74776BB6-6E44-4360-9BED-9EA03E55BA56}"
EndProject
Project("{9A19103F-16F7-4668-BE54-9A1E7A4F7556}") = "Aula14Icomparable", "..\Aula14Icomparable\Aula14Icomparable.csproj", "{7021F172-F53F-44A3-B45A-F0EDBA02B207}"
EndProject
Project("{9A19103F-16F7-4668-BE54-9A1E7A4F7556}") = "Aula15HashCodeEquals", "..\Aula15HashCodeEquals\Aula15HashCodeEquals.csproj", "{71F84848-D127-4D2A-BF3E-63F815677E37}"
EndProject
Project("{9A19103F-16F7-4668-BE54-9A1E7A4F7556}") = "Aula15HashsetSortedSet", "..\Aula15HashsetSortedSet\Aula15HashsetSortedSet.csproj", "{D6D939DE-AE78-4F8E-B142-4E7C3A8F71D4}"
EndProject
Project("{FAE04EC0-301F-11D3-BF4B-00C04F79EFBC}") = "Aula15ExercicioResolvidoSet", "..\Aula15ExercicioResolvidoSet\Aula15ExercicioResolvidoSet.csproj", "{D926272A-38E2-467A-B6E2-42E411993317}"
EndProject
Project("{FAE04EC0-301F-11D3-BF4B-00C04F79EFBC}") = "Aula15ExercicioSetProp", "..\Aula15ExercicioSetProp\Aula15ExercicioSetProp.csproj", "{DFA294BF-B761-46E0-8F48-6CFF83289504}"
EndProject
Global
	GlobalSection(SolutionConfigurationPlatforms) = preSolution
		Debug|Any CPU = Debug|Any CPU
		Release|Any CPU = Release|Any CPU
	EndGlobalSection
	GlobalSection(ProjectConfigurationPlatforms) = postSolution
		{083F579E-37A1-4984-95EB-5C5ED5926EA4}.Debug|Any CPU.ActiveCfg = Debug|Any CPU
		{083F579E-37A1-4984-95EB-5C5ED5926EA4}.Debug|Any CPU.Build.0 = Debug|Any CPU
		{083F579E-37A1-4984-95EB-5C5ED5926EA4}.Release|Any CPU.ActiveCfg = Release|Any CPU
		{083F579E-37A1-4984-95EB-5C5ED5926EA4}.Release|Any CPU.Build.0 = Release|Any CPU
		{2C607A5B-6DE8-4F70-B6C7-8111E76C5EF9}.Debug|Any CPU.ActiveCfg = Debug|Any CPU
		{2C607A5B-6DE8-4F70-B6C7-8111E76C5EF9}.Debug|Any CPU.Build.0 = Debug|Any CPU
		{2C607A5B-6DE8-4F70-B6C7-8111E76C5EF9}.Release|Any CPU.ActiveCfg = Release|Any CPU
		{2C607A5B-6DE8-4F70-B6C7-8111E76C5EF9}.Release|Any CPU.Build.0 = Release|Any CPU
		{54EB92A0-84AC-474B-A867-802FAC492B29}.Debug|Any CPU.ActiveCfg = Debug|Any CPU
		{54EB92A0-84AC-474B-A867-802FAC492B29}.Debug|Any CPU.Build.0 = Debug|Any CPU
		{54EB92A0-84AC-474B-A867-802FAC492B29}.Release|Any CPU.ActiveCfg = Release|Any CPU
		{54EB92A0-84AC-474B-A867-802FAC492B29}.Release|Any CPU.Build.0 = Release|Any CPU
		{36A12BE9-5BC1-4097-BD0A-232BE5DB76C1}.Debug|Any CPU.ActiveCfg = Debug|Any CPU
		{36A12BE9-5BC1-4097-BD0A-232BE5DB76C1}.Debug|Any CPU.Build.0 = Debug|Any CPU
		{36A12BE9-5BC1-4097-BD0A-232BE5DB76C1}.Release|Any CPU.ActiveCfg = Release|Any CPU
		{36A12BE9-5BC1-4097-BD0A-232BE5DB76C1}.Release|Any CPU.Build.0 = Release|Any CPU
		{9AC2283E-6533-4704-9AAE-8508F6C94C17}.Debug|Any CPU.ActiveCfg = Debug|Any CPU
		{9AC2283E-6533-4704-9AAE-8508F6C94C17}.Debug|Any CPU.Build.0 = Debug|Any CPU
		{9AC2283E-6533-4704-9AAE-8508F6C94C17}.Release|Any CPU.ActiveCfg = Release|Any CPU
		{9AC2283E-6533-4704-9AAE-8508F6C94C17}.Release|Any CPU.Build.0 = Release|Any CPU
		{92E13E5C-9393-49AA-B3A0-248BD9924439}.Debug|Any CPU.ActiveCfg = Debug|Any CPU
		{92E13E5C-9393-49AA-B3A0-248BD9924439}.Debug|Any CPU.Build.0 = Debug|Any CPU
		{92E13E5C-9393-49AA-B3A0-248BD9924439}.Release|Any CPU.ActiveCfg = Release|Any CPU
		{92E13E5C-9393-49AA-B3A0-248BD9924439}.Release|Any CPU.Build.0 = Release|Any CPU
		{77544BE0-446D-4AE4-BE16-46E8EAFFD7F8}.Debug|Any CPU.ActiveCfg = Debug|Any CPU
		{77544BE0-446D-4AE4-BE16-46E8EAFFD7F8}.Debug|Any CPU.Build.0 = Debug|Any CPU
		{77544BE0-446D-4AE4-BE16-46E8EAFFD7F8}.Release|Any CPU.ActiveCfg = Release|Any CPU
		{77544BE0-446D-4AE4-BE16-46E8EAFFD7F8}.Release|Any CPU.Build.0 = Release|Any CPU
		{A379B11B-F8A5-4A85-AB04-0082BCACEAA0}.Debug|Any CPU.ActiveCfg = Debug|Any CPU
		{A379B11B-F8A5-4A85-AB04-0082BCACEAA0}.Debug|Any CPU.Build.0 = Debug|Any CPU
		{A379B11B-F8A5-4A85-AB04-0082BCACEAA0}.Release|Any CPU.ActiveCfg = Release|Any CPU
		{A379B11B-F8A5-4A85-AB04-0082BCACEAA0}.Release|Any CPU.Build.0 = Release|Any CPU
		{A045C23D-FEA4-4A1A-9570-A68480F85A21}.Debug|Any CPU.ActiveCfg = Debug|Any CPU
		{A045C23D-FEA4-4A1A-9570-A68480F85A21}.Debug|Any CPU.Build.0 = Debug|Any CPU
		{A045C23D-FEA4-4A1A-9570-A68480F85A21}.Release|Any CPU.ActiveCfg = Release|Any CPU
		{A045C23D-FEA4-4A1A-9570-A68480F85A21}.Release|Any CPU.Build.0 = Release|Any CPU
		{7C6D77B6-7BFF-4F3C-8A8E-6988B7EB7CB1}.Debug|Any CPU.ActiveCfg = Debug|Any CPU
		{7C6D77B6-7BFF-4F3C-8A8E-6988B7EB7CB1}.Debug|Any CPU.Build.0 = Debug|Any CPU
		{7C6D77B6-7BFF-4F3C-8A8E-6988B7EB7CB1}.Release|Any CPU.ActiveCfg = Release|Any CPU
		{7C6D77B6-7BFF-4F3C-8A8E-6988B7EB7CB1}.Release|Any CPU.Build.0 = Release|Any CPU
		{81C82AD3-B4FC-4433-86DE-D3F8169A3C89}.Debug|Any CPU.ActiveCfg = Debug|Any CPU
		{81C82AD3-B4FC-4433-86DE-D3F8169A3C89}.Debug|Any CPU.Build.0 = Debug|Any CPU
		{81C82AD3-B4FC-4433-86DE-D3F8169A3C89}.Release|Any CPU.ActiveCfg = Release|Any CPU
		{81C82AD3-B4FC-4433-86DE-D3F8169A3C89}.Release|Any CPU.Build.0 = Release|Any CPU
		{57E1D099-E3FF-4EAB-8CD6-9F83780A5290}.Debug|Any CPU.ActiveCfg = Debug|Any CPU
		{57E1D099-E3FF-4EAB-8CD6-9F83780A5290}.Debug|Any CPU.Build.0 = Debug|Any CPU
		{57E1D099-E3FF-4EAB-8CD6-9F83780A5290}.Release|Any CPU.ActiveCfg = Release|Any CPU
		{57E1D099-E3FF-4EAB-8CD6-9F83780A5290}.Release|Any CPU.Build.0 = Release|Any CPU
		{F1B04485-0EC7-47D2-A4EC-E06298129520}.Debug|Any CPU.ActiveCfg = Debug|Any CPU
		{F1B04485-0EC7-47D2-A4EC-E06298129520}.Debug|Any CPU.Build.0 = Debug|Any CPU
		{F1B04485-0EC7-47D2-A4EC-E06298129520}.Release|Any CPU.ActiveCfg = Release|Any CPU
		{F1B04485-0EC7-47D2-A4EC-E06298129520}.Release|Any CPU.Build.0 = Release|Any CPU
		{DF3A9E2F-64DA-46D4-83CE-E35F7D568889}.Debug|Any CPU.ActiveCfg = Debug|Any CPU
		{DF3A9E2F-64DA-46D4-83CE-E35F7D568889}.Debug|Any CPU.Build.0 = Debug|Any CPU
		{DF3A9E2F-64DA-46D4-83CE-E35F7D568889}.Release|Any CPU.ActiveCfg = Release|Any CPU
		{DF3A9E2F-64DA-46D4-83CE-E35F7D568889}.Release|Any CPU.Build.0 = Release|Any CPU
		{DA0BCAF3-BEB0-4E42-83F3-EC466AA28F2A}.Debug|Any CPU.ActiveCfg = Debug|Any CPU
		{DA0BCAF3-BEB0-4E42-83F3-EC466AA28F2A}.Debug|Any CPU.Build.0 = Debug|Any CPU
		{DA0BCAF3-BEB0-4E42-83F3-EC466AA28F2A}.Release|Any CPU.ActiveCfg = Release|Any CPU
		{DA0BCAF3-BEB0-4E42-83F3-EC466AA28F2A}.Release|Any CPU.Build.0 = Release|Any CPU
		{F0EA7EE0-5111-442C-B061-DAB2D43F3F73}.Debug|Any CPU.ActiveCfg = Debug|Any CPU
		{F0EA7EE0-5111-442C-B061-DAB2D43F3F73}.Debug|Any CPU.Build.0 = Debug|Any CPU
		{F0EA7EE0-5111-442C-B061-DAB2D43F3F73}.Release|Any CPU.ActiveCfg = Release|Any CPU
		{F0EA7EE0-5111-442C-B061-DAB2D43F3F73}.Release|Any CPU.Build.0 = Release|Any CPU
		{03EE56B4-E864-42EE-A282-192CAE964677}.Debug|Any CPU.ActiveCfg = Debug|Any CPU
		{03EE56B4-E864-42EE-A282-192CAE964677}.Debug|Any CPU.Build.0 = Debug|Any CPU
		{03EE56B4-E864-42EE-A282-192CAE964677}.Release|Any CPU.ActiveCfg = Release|Any CPU
		{03EE56B4-E864-42EE-A282-192CAE964677}.Release|Any CPU.Build.0 = Release|Any CPU
		{873BDAC8-8126-44CA-B75D-FD0DD98A522C}.Debug|Any CPU.ActiveCfg = Debug|Any CPU
		{873BDAC8-8126-44CA-B75D-FD0DD98A522C}.Debug|Any CPU.Build.0 = Debug|Any CPU
		{873BDAC8-8126-44CA-B75D-FD0DD98A522C}.Release|Any CPU.ActiveCfg = Release|Any CPU
		{873BDAC8-8126-44CA-B75D-FD0DD98A522C}.Release|Any CPU.Build.0 = Release|Any CPU
		{BFDB012A-566E-42A5-8420-9072A4A382EE}.Debug|Any CPU.ActiveCfg = Debug|Any CPU
		{BFDB012A-566E-42A5-8420-9072A4A382EE}.Debug|Any CPU.Build.0 = Debug|Any CPU
		{BFDB012A-566E-42A5-8420-9072A4A382EE}.Release|Any CPU.ActiveCfg = Release|Any CPU
		{BFDB012A-566E-42A5-8420-9072A4A382EE}.Release|Any CPU.Build.0 = Release|Any CPU
		{1BF9D9D7-AC46-4FA9-A9DB-30673CA4267F}.Debug|Any CPU.ActiveCfg = Debug|Any CPU
		{1BF9D9D7-AC46-4FA9-A9DB-30673CA4267F}.Debug|Any CPU.Build.0 = Debug|Any CPU
		{1BF9D9D7-AC46-4FA9-A9DB-30673CA4267F}.Release|Any CPU.ActiveCfg = Release|Any CPU
		{1BF9D9D7-AC46-4FA9-A9DB-30673CA4267F}.Release|Any CPU.Build.0 = Release|Any CPU
		{E3FDE11F-04E1-49D9-B3AA-44525C80B6F7}.Debug|Any CPU.ActiveCfg = Debug|Any CPU
		{E3FDE11F-04E1-49D9-B3AA-44525C80B6F7}.Debug|Any CPU.Build.0 = Debug|Any CPU
		{E3FDE11F-04E1-49D9-B3AA-44525C80B6F7}.Release|Any CPU.ActiveCfg = Release|Any CPU
		{E3FDE11F-04E1-49D9-B3AA-44525C80B6F7}.Release|Any CPU.Build.0 = Release|Any CPU
		{E88C318F-B269-4871-8B51-9A9F6D4B2274}.Debug|Any CPU.ActiveCfg = Debug|Any CPU
		{E88C318F-B269-4871-8B51-9A9F6D4B2274}.Debug|Any CPU.Build.0 = Debug|Any CPU
		{E88C318F-B269-4871-8B51-9A9F6D4B2274}.Release|Any CPU.ActiveCfg = Release|Any CPU
		{E88C318F-B269-4871-8B51-9A9F6D4B2274}.Release|Any CPU.Build.0 = Release|Any CPU
		{F0076760-177F-46CD-B6E1-70D2E40D1829}.Debug|Any CPU.ActiveCfg = Debug|Any CPU
		{F0076760-177F-46CD-B6E1-70D2E40D1829}.Debug|Any CPU.Build.0 = Debug|Any CPU
		{F0076760-177F-46CD-B6E1-70D2E40D1829}.Release|Any CPU.ActiveCfg = Release|Any CPU
		{F0076760-177F-46CD-B6E1-70D2E40D1829}.Release|Any CPU.Build.0 = Release|Any CPU
		{EFB430C6-229A-4A6D-9506-458DEDBF924A}.Debug|Any CPU.ActiveCfg = Debug|Any CPU
		{EFB430C6-229A-4A6D-9506-458DEDBF924A}.Debug|Any CPU.Build.0 = Debug|Any CPU
		{EFB430C6-229A-4A6D-9506-458DEDBF924A}.Release|Any CPU.ActiveCfg = Release|Any CPU
		{EFB430C6-229A-4A6D-9506-458DEDBF924A}.Release|Any CPU.Build.0 = Release|Any CPU
		{D23DC263-8305-4866-B193-97231F6BF508}.Debug|Any CPU.ActiveCfg = Debug|Any CPU
		{D23DC263-8305-4866-B193-97231F6BF508}.Debug|Any CPU.Build.0 = Debug|Any CPU
		{D23DC263-8305-4866-B193-97231F6BF508}.Release|Any CPU.ActiveCfg = Release|Any CPU
		{D23DC263-8305-4866-B193-97231F6BF508}.Release|Any CPU.Build.0 = Release|Any CPU
		{A376E0C2-300D-4667-A73C-1DE0457CAC85}.Debug|Any CPU.ActiveCfg = Debug|Any CPU
		{A376E0C2-300D-4667-A73C-1DE0457CAC85}.Debug|Any CPU.Build.0 = Debug|Any CPU
		{A376E0C2-300D-4667-A73C-1DE0457CAC85}.Release|Any CPU.ActiveCfg = Release|Any CPU
		{A376E0C2-300D-4667-A73C-1DE0457CAC85}.Release|Any CPU.Build.0 = Release|Any CPU
		{4D93F761-FF99-4E0F-9611-615042B57DA7}.Debug|Any CPU.ActiveCfg = Debug|Any CPU
		{4D93F761-FF99-4E0F-9611-615042B57DA7}.Debug|Any CPU.Build.0 = Debug|Any CPU
		{4D93F761-FF99-4E0F-9611-615042B57DA7}.Release|Any CPU.ActiveCfg = Release|Any CPU
		{4D93F761-FF99-4E0F-9611-615042B57DA7}.Release|Any CPU.Build.0 = Release|Any CPU
		{387519DB-6CEC-4B02-9748-E7A98F23EBA0}.Debug|Any CPU.ActiveCfg = Debug|Any CPU
		{387519DB-6CEC-4B02-9748-E7A98F23EBA0}.Debug|Any CPU.Build.0 = Debug|Any CPU
		{387519DB-6CEC-4B02-9748-E7A98F23EBA0}.Release|Any CPU.ActiveCfg = Release|Any CPU
		{387519DB-6CEC-4B02-9748-E7A98F23EBA0}.Release|Any CPU.Build.0 = Release|Any CPU
		{A990D982-438D-4FEF-AF66-AA93740EBEB2}.Debug|Any CPU.ActiveCfg = Debug|Any CPU
		{A990D982-438D-4FEF-AF66-AA93740EBEB2}.Debug|Any CPU.Build.0 = Debug|Any CPU
		{A990D982-438D-4FEF-AF66-AA93740EBEB2}.Release|Any CPU.ActiveCfg = Release|Any CPU
		{A990D982-438D-4FEF-AF66-AA93740EBEB2}.Release|Any CPU.Build.0 = Release|Any CPU
		{9D68FD63-E749-464D-BDDF-17E87171DD72}.Debug|Any CPU.ActiveCfg = Debug|Any CPU
		{9D68FD63-E749-464D-BDDF-17E87171DD72}.Debug|Any CPU.Build.0 = Debug|Any CPU
		{9D68FD63-E749-464D-BDDF-17E87171DD72}.Release|Any CPU.ActiveCfg = Release|Any CPU
		{9D68FD63-E749-464D-BDDF-17E87171DD72}.Release|Any CPU.Build.0 = Release|Any CPU
		{05404BF8-97B4-4444-8E1A-8E3AC5CB33DE}.Debug|Any CPU.ActiveCfg = Debug|Any CPU
		{05404BF8-97B4-4444-8E1A-8E3AC5CB33DE}.Debug|Any CPU.Build.0 = Debug|Any CPU
		{05404BF8-97B4-4444-8E1A-8E3AC5CB33DE}.Release|Any CPU.ActiveCfg = Release|Any CPU
		{05404BF8-97B4-4444-8E1A-8E3AC5CB33DE}.Release|Any CPU.Build.0 = Release|Any CPU
		{9D120221-A76A-4EBA-BC55-8EA9AD8FDF6A}.Debug|Any CPU.ActiveCfg = Debug|Any CPU
		{9D120221-A76A-4EBA-BC55-8EA9AD8FDF6A}.Debug|Any CPU.Build.0 = Debug|Any CPU
		{9D120221-A76A-4EBA-BC55-8EA9AD8FDF6A}.Release|Any CPU.ActiveCfg = Release|Any CPU
		{9D120221-A76A-4EBA-BC55-8EA9AD8FDF6A}.Release|Any CPU.Build.0 = Release|Any CPU
		{3980BF53-C850-4952-BF19-718F7AC6D3AE}.Debug|Any CPU.ActiveCfg = Debug|Any CPU
		{3980BF53-C850-4952-BF19-718F7AC6D3AE}.Debug|Any CPU.Build.0 = Debug|Any CPU
		{3980BF53-C850-4952-BF19-718F7AC6D3AE}.Release|Any CPU.ActiveCfg = Release|Any CPU
		{3980BF53-C850-4952-BF19-718F7AC6D3AE}.Release|Any CPU.Build.0 = Release|Any CPU
		{36389E0C-A29D-4D6C-9FB3-6C27C17BCF58}.Debug|Any CPU.ActiveCfg = Debug|Any CPU
		{36389E0C-A29D-4D6C-9FB3-6C27C17BCF58}.Debug|Any CPU.Build.0 = Debug|Any CPU
		{36389E0C-A29D-4D6C-9FB3-6C27C17BCF58}.Release|Any CPU.ActiveCfg = Release|Any CPU
		{36389E0C-A29D-4D6C-9FB3-6C27C17BCF58}.Release|Any CPU.Build.0 = Release|Any CPU
		{74776BB6-6E44-4360-9BED-9EA03E55BA56}.Debug|Any CPU.ActiveCfg = Debug|Any CPU
		{74776BB6-6E44-4360-9BED-9EA03E55BA56}.Debug|Any CPU.Build.0 = Debug|Any CPU
		{74776BB6-6E44-4360-9BED-9EA03E55BA56}.Release|Any CPU.ActiveCfg = Release|Any CPU
		{74776BB6-6E44-4360-9BED-9EA03E55BA56}.Release|Any CPU.Build.0 = Release|Any CPU
		{7021F172-F53F-44A3-B45A-F0EDBA02B207}.Debug|Any CPU.ActiveCfg = Debug|Any CPU
		{7021F172-F53F-44A3-B45A-F0EDBA02B207}.Debug|Any CPU.Build.0 = Debug|Any CPU
		{7021F172-F53F-44A3-B45A-F0EDBA02B207}.Release|Any CPU.ActiveCfg = Release|Any CPU
		{7021F172-F53F-44A3-B45A-F0EDBA02B207}.Release|Any CPU.Build.0 = Release|Any CPU
		{71F84848-D127-4D2A-BF3E-63F815677E37}.Debug|Any CPU.ActiveCfg = Debug|Any CPU
		{71F84848-D127-4D2A-BF3E-63F815677E37}.Debug|Any CPU.Build.0 = Debug|Any CPU
		{71F84848-D127-4D2A-BF3E-63F815677E37}.Release|Any CPU.ActiveCfg = Release|Any CPU
		{71F84848-D127-4D2A-BF3E-63F815677E37}.Release|Any CPU.Build.0 = Release|Any CPU
		{D6D939DE-AE78-4F8E-B142-4E7C3A8F71D4}.Debug|Any CPU.ActiveCfg = Debug|Any CPU
		{D6D939DE-AE78-4F8E-B142-4E7C3A8F71D4}.Debug|Any CPU.Build.0 = Debug|Any CPU
		{D6D939DE-AE78-4F8E-B142-4E7C3A8F71D4}.Release|Any CPU.ActiveCfg = Release|Any CPU
		{D6D939DE-AE78-4F8E-B142-4E7C3A8F71D4}.Release|Any CPU.Build.0 = Release|Any CPU
		{D926272A-38E2-467A-B6E2-42E411993317}.Debug|Any CPU.ActiveCfg = Debug|Any CPU
		{D926272A-38E2-467A-B6E2-42E411993317}.Debug|Any CPU.Build.0 = Debug|Any CPU
		{D926272A-38E2-467A-B6E2-42E411993317}.Release|Any CPU.ActiveCfg = Release|Any CPU
		{D926272A-38E2-467A-B6E2-42E411993317}.Release|Any CPU.Build.0 = Release|Any CPU
		{DFA294BF-B761-46E0-8F48-6CFF83289504}.Debug|Any CPU.ActiveCfg = Debug|Any CPU
		{DFA294BF-B761-46E0-8F48-6CFF83289504}.Debug|Any CPU.Build.0 = Debug|Any CPU
		{DFA294BF-B761-46E0-8F48-6CFF83289504}.Release|Any CPU.ActiveCfg = Release|Any CPU
		{DFA294BF-B761-46E0-8F48-6CFF83289504}.Release|Any CPU.Build.0 = Release|Any CPU
	EndGlobalSection
	GlobalSection(SolutionProperties) = preSolution
		HideSolutionNode = FALSE
	EndGlobalSection
	GlobalSection(ExtensibilityGlobals) = postSolution
		SolutionGuid = {5B812F2D-A084-48C5-9E1E-3D4ECFD32B0D}
	EndGlobalSection
EndGlobal
